
Microsoft Visual Studio Solution File, Format Version 12.00
# Visual Studio 14
VisualStudioVersion = 14.0.25420.1
MinimumVisualStudioVersion = 10.0.40219.1
Project("{FAE04EC0-301F-11D3-BF4B-00C04F79EFBC}") = "ShopBoxApp", "ShopBoxApp\ShopBoxApp\ShopBoxApp.csproj", "{2B607B21-FB66-4CD4-9DB5-82D25B8D87C1}"
EndProject
Project("{FAE04EC0-301F-11D3-BF4B-00C04F79EFBC}") = "ShopBoxApp.Droid", "ShopBoxApp\ShopBoxApp.Droid\ShopBoxApp.Droid.csproj", "{7761FC02-93CE-4893-A1E1-83DA6D8F56EE}"
EndProject
Project("{FAE04EC0-301F-11D3-BF4B-00C04F79EFBC}") = "ShopBoxApp.iOS", "ShopBoxApp\ShopBoxApp.iOS\ShopBoxApp.iOS.csproj", "{35D29F75-D1F6-4A71-9FA2-472CBF1DF463}"
EndProject
Project("{FAE04EC0-301F-11D3-BF4B-00C04F79EFBC}") = "ShopBoxApp.UWP", "ShopBoxApp\ShopBoxApp.UWP\ShopBoxApp.UWP.csproj", "{18958DD0-F7F1-4251-8D3C-9D9B94C877ED}"
EndProject
Project("{FAE04EC0-301F-11D3-BF4B-00C04F79EFBC}") = "ServiceLayer", "ServiceLayer\ServiceLayer.csproj", "{7E2B2FED-99B8-4976-B6FA-18120065C769}"
EndProject
Global
	GlobalSection(SolutionConfigurationPlatforms) = preSolution
		Ad-Hoc|Any CPU = Ad-Hoc|Any CPU
		Ad-Hoc|ARM = Ad-Hoc|ARM
		Ad-Hoc|iPhone = Ad-Hoc|iPhone
		Ad-Hoc|iPhoneSimulator = Ad-Hoc|iPhoneSimulator
		Ad-Hoc|x64 = Ad-Hoc|x64
		Ad-Hoc|x86 = Ad-Hoc|x86
		AppStore|Any CPU = AppStore|Any CPU
		AppStore|ARM = AppStore|ARM
		AppStore|iPhone = AppStore|iPhone
		AppStore|iPhoneSimulator = AppStore|iPhoneSimulator
		AppStore|x64 = AppStore|x64
		AppStore|x86 = AppStore|x86
		Debug|Any CPU = Debug|Any CPU
		Debug|ARM = Debug|ARM
		Debug|iPhone = Debug|iPhone
		Debug|iPhoneSimulator = Debug|iPhoneSimulator
		Debug|x64 = Debug|x64
		Debug|x86 = Debug|x86
		Release|Any CPU = Release|Any CPU
		Release|ARM = Release|ARM
		Release|iPhone = Release|iPhone
		Release|iPhoneSimulator = Release|iPhoneSimulator
		Release|x64 = Release|x64
		Release|x86 = Release|x86
	EndGlobalSection
	GlobalSection(ProjectConfigurationPlatforms) = postSolution
		{2B607B21-FB66-4CD4-9DB5-82D25B8D87C1}.Ad-Hoc|Any CPU.ActiveCfg = Release|Any CPU
		{2B607B21-FB66-4CD4-9DB5-82D25B8D87C1}.Ad-Hoc|Any CPU.Build.0 = Release|Any CPU
		{2B607B21-FB66-4CD4-9DB5-82D25B8D87C1}.Ad-Hoc|ARM.ActiveCfg = Release|Any CPU
		{2B607B21-FB66-4CD4-9DB5-82D25B8D87C1}.Ad-Hoc|ARM.Build.0 = Release|Any CPU
		{2B607B21-FB66-4CD4-9DB5-82D25B8D87C1}.Ad-Hoc|iPhone.ActiveCfg = Release|Any CPU
		{2B607B21-FB66-4CD4-9DB5-82D25B8D87C1}.Ad-Hoc|iPhone.Build.0 = Release|Any CPU
		{2B607B21-FB66-4CD4-9DB5-82D25B8D87C1}.Ad-Hoc|iPhoneSimulator.ActiveCfg = Release|Any CPU
		{2B607B21-FB66-4CD4-9DB5-82D25B8D87C1}.Ad-Hoc|iPhoneSimulator.Build.0 = Release|Any CPU
		{2B607B21-FB66-4CD4-9DB5-82D25B8D87C1}.Ad-Hoc|x64.ActiveCfg = Release|Any CPU
		{2B607B21-FB66-4CD4-9DB5-82D25B8D87C1}.Ad-Hoc|x64.Build.0 = Release|Any CPU
		{2B607B21-FB66-4CD4-9DB5-82D25B8D87C1}.Ad-Hoc|x86.ActiveCfg = Release|Any CPU
		{2B607B21-FB66-4CD4-9DB5-82D25B8D87C1}.Ad-Hoc|x86.Build.0 = Release|Any CPU
		{2B607B21-FB66-4CD4-9DB5-82D25B8D87C1}.AppStore|Any CPU.ActiveCfg = Release|Any CPU
		{2B607B21-FB66-4CD4-9DB5-82D25B8D87C1}.AppStore|Any CPU.Build.0 = Release|Any CPU
		{2B607B21-FB66-4CD4-9DB5-82D25B8D87C1}.AppStore|ARM.ActiveCfg = Release|Any CPU
		{2B607B21-FB66-4CD4-9DB5-82D25B8D87C1}.AppStore|ARM.Build.0 = Release|Any CPU
		{2B607B21-FB66-4CD4-9DB5-82D25B8D87C1}.AppStore|iPhone.ActiveCfg = Release|Any CPU
		{2B607B21-FB66-4CD4-9DB5-82D25B8D87C1}.AppStore|iPhone.Build.0 = Release|Any CPU
		{2B607B21-FB66-4CD4-9DB5-82D25B8D87C1}.AppStore|iPhoneSimulator.ActiveCfg = Release|Any CPU
		{2B607B21-FB66-4CD4-9DB5-82D25B8D87C1}.AppStore|iPhoneSimulator.Build.0 = Release|Any CPU
		{2B607B21-FB66-4CD4-9DB5-82D25B8D87C1}.AppStore|x64.ActiveCfg = Release|Any CPU
		{2B607B21-FB66-4CD4-9DB5-82D25B8D87C1}.AppStore|x64.Build.0 = Release|Any CPU
		{2B607B21-FB66-4CD4-9DB5-82D25B8D87C1}.AppStore|x86.ActiveCfg = Release|Any CPU
		{2B607B21-FB66-4CD4-9DB5-82D25B8D87C1}.AppStore|x86.Build.0 = Release|Any CPU
		{2B607B21-FB66-4CD4-9DB5-82D25B8D87C1}.Debug|Any CPU.ActiveCfg = Debug|Any CPU
		{2B607B21-FB66-4CD4-9DB5-82D25B8D87C1}.Debug|Any CPU.Build.0 = Debug|Any CPU
		{2B607B21-FB66-4CD4-9DB5-82D25B8D87C1}.Debug|ARM.ActiveCfg = Debug|Any CPU
		{2B607B21-FB66-4CD4-9DB5-82D25B8D87C1}.Debug|ARM.Build.0 = Debug|Any CPU
		{2B607B21-FB66-4CD4-9DB5-82D25B8D87C1}.Debug|iPhone.ActiveCfg = Debug|Any CPU
		{2B607B21-FB66-4CD4-9DB5-82D25B8D87C1}.Debug|iPhone.Build.0 = Debug|Any CPU
		{2B607B21-FB66-4CD4-9DB5-82D25B8D87C1}.Debug|iPhoneSimulator.ActiveCfg = Debug|Any CPU
		{2B607B21-FB66-4CD4-9DB5-82D25B8D87C1}.Debug|iPhoneSimulator.Build.0 = Debug|Any CPU
		{2B607B21-FB66-4CD4-9DB5-82D25B8D87C1}.Debug|x64.ActiveCfg = Debug|Any CPU
		{2B607B21-FB66-4CD4-9DB5-82D25B8D87C1}.Debug|x64.Build.0 = Debug|Any CPU
		{2B607B21-FB66-4CD4-9DB5-82D25B8D87C1}.Debug|x86.ActiveCfg = Debug|Any CPU
		{2B607B21-FB66-4CD4-9DB5-82D25B8D87C1}.Debug|x86.Build.0 = Debug|Any CPU
		{2B607B21-FB66-4CD4-9DB5-82D25B8D87C1}.Release|Any CPU.ActiveCfg = Release|Any CPU
		{2B607B21-FB66-4CD4-9DB5-82D25B8D87C1}.Release|Any CPU.Build.0 = Release|Any CPU
		{2B607B21-FB66-4CD4-9DB5-82D25B8D87C1}.Release|ARM.ActiveCfg = Release|Any CPU
		{2B607B21-FB66-4CD4-9DB5-82D25B8D87C1}.Release|ARM.Build.0 = Release|Any CPU
		{2B607B21-FB66-4CD4-9DB5-82D25B8D87C1}.Release|iPhone.ActiveCfg = Release|Any CPU
		{2B607B21-FB66-4CD4-9DB5-82D25B8D87C1}.Release|iPhone.Build.0 = Release|Any CPU
		{2B607B21-FB66-4CD4-9DB5-82D25B8D87C1}.Release|iPhoneSimulator.ActiveCfg = Release|Any CPU
		{2B607B21-FB66-4CD4-9DB5-82D25B8D87C1}.Release|iPhoneSimulator.Build.0 = Release|Any CPU
		{2B607B21-FB66-4CD4-9DB5-82D25B8D87C1}.Release|x64.ActiveCfg = Release|Any CPU
		{2B607B21-FB66-4CD4-9DB5-82D25B8D87C1}.Release|x64.Build.0 = Release|Any CPU
		{2B607B21-FB66-4CD4-9DB5-82D25B8D87C1}.Release|x86.ActiveCfg = Release|Any CPU
		{2B607B21-FB66-4CD4-9DB5-82D25B8D87C1}.Release|x86.Build.0 = Release|Any CPU
		{7761FC02-93CE-4893-A1E1-83DA6D8F56EE}.Ad-Hoc|Any CPU.ActiveCfg = Release|Any CPU
		{7761FC02-93CE-4893-A1E1-83DA6D8F56EE}.Ad-Hoc|Any CPU.Build.0 = Release|Any CPU
		{7761FC02-93CE-4893-A1E1-83DA6D8F56EE}.Ad-Hoc|Any CPU.Deploy.0 = Release|Any CPU
		{7761FC02-93CE-4893-A1E1-83DA6D8F56EE}.Ad-Hoc|ARM.ActiveCfg = Release|Any CPU
		{7761FC02-93CE-4893-A1E1-83DA6D8F56EE}.Ad-Hoc|ARM.Build.0 = Release|Any CPU
		{7761FC02-93CE-4893-A1E1-83DA6D8F56EE}.Ad-Hoc|ARM.Deploy.0 = Release|Any CPU
		{7761FC02-93CE-4893-A1E1-83DA6D8F56EE}.Ad-Hoc|iPhone.ActiveCfg = Release|Any CPU
		{7761FC02-93CE-4893-A1E1-83DA6D8F56EE}.Ad-Hoc|iPhone.Build.0 = Release|Any CPU
		{7761FC02-93CE-4893-A1E1-83DA6D8F56EE}.Ad-Hoc|iPhone.Deploy.0 = Release|Any CPU
		{7761FC02-93CE-4893-A1E1-83DA6D8F56EE}.Ad-Hoc|iPhoneSimulator.ActiveCfg = Release|Any CPU
		{7761FC02-93CE-4893-A1E1-83DA6D8F56EE}.Ad-Hoc|iPhoneSimulator.Build.0 = Release|Any CPU
		{7761FC02-93CE-4893-A1E1-83DA6D8F56EE}.Ad-Hoc|iPhoneSimulator.Deploy.0 = Release|Any CPU
		{7761FC02-93CE-4893-A1E1-83DA6D8F56EE}.Ad-Hoc|x64.ActiveCfg = Release|Any CPU
		{7761FC02-93CE-4893-A1E1-83DA6D8F56EE}.Ad-Hoc|x64.Build.0 = Release|Any CPU
		{7761FC02-93CE-4893-A1E1-83DA6D8F56EE}.Ad-Hoc|x64.Deploy.0 = Release|Any CPU
		{7761FC02-93CE-4893-A1E1-83DA6D8F56EE}.Ad-Hoc|x86.ActiveCfg = Release|Any CPU
		{7761FC02-93CE-4893-A1E1-83DA6D8F56EE}.Ad-Hoc|x86.Build.0 = Release|Any CPU
		{7761FC02-93CE-4893-A1E1-83DA6D8F56EE}.Ad-Hoc|x86.Deploy.0 = Release|Any CPU
		{7761FC02-93CE-4893-A1E1-83DA6D8F56EE}.AppStore|Any CPU.ActiveCfg = Release|Any CPU
		{7761FC02-93CE-4893-A1E1-83DA6D8F56EE}.AppStore|Any CPU.Build.0 = Release|Any CPU
		{7761FC02-93CE-4893-A1E1-83DA6D8F56EE}.AppStore|Any CPU.Deploy.0 = Release|Any CPU
		{7761FC02-93CE-4893-A1E1-83DA6D8F56EE}.AppStore|ARM.ActiveCfg = Release|Any CPU
		{7761FC02-93CE-4893-A1E1-83DA6D8F56EE}.AppStore|ARM.Build.0 = Release|Any CPU
		{7761FC02-93CE-4893-A1E1-83DA6D8F56EE}.AppStore|ARM.Deploy.0 = Release|Any CPU
		{7761FC02-93CE-4893-A1E1-83DA6D8F56EE}.AppStore|iPhone.ActiveCfg = Release|Any CPU
		{7761FC02-93CE-4893-A1E1-83DA6D8F56EE}.AppStore|iPhone.Build.0 = Release|Any CPU
		{7761FC02-93CE-4893-A1E1-83DA6D8F56EE}.AppStore|iPhone.Deploy.0 = Release|Any CPU
		{7761FC02-93CE-4893-A1E1-83DA6D8F56EE}.AppStore|iPhoneSimulator.ActiveCfg = Release|Any CPU
		{7761FC02-93CE-4893-A1E1-83DA6D8F56EE}.AppStore|iPhoneSimulator.Build.0 = Release|Any CPU
		{7761FC02-93CE-4893-A1E1-83DA6D8F56EE}.AppStore|iPhoneSimulator.Deploy.0 = Release|Any CPU
		{7761FC02-93CE-4893-A1E1-83DA6D8F56EE}.AppStore|x64.ActiveCfg = Release|Any CPU
		{7761FC02-93CE-4893-A1E1-83DA6D8F56EE}.AppStore|x64.Build.0 = Release|Any CPU
		{7761FC02-93CE-4893-A1E1-83DA6D8F56EE}.AppStore|x64.Deploy.0 = Release|Any CPU
		{7761FC02-93CE-4893-A1E1-83DA6D8F56EE}.AppStore|x86.ActiveCfg = Release|Any CPU
		{7761FC02-93CE-4893-A1E1-83DA6D8F56EE}.AppStore|x86.Build.0 = Release|Any CPU
		{7761FC02-93CE-4893-A1E1-83DA6D8F56EE}.AppStore|x86.Deploy.0 = Release|Any CPU
		{7761FC02-93CE-4893-A1E1-83DA6D8F56EE}.Debug|Any CPU.ActiveCfg = Debug|Any CPU
		{7761FC02-93CE-4893-A1E1-83DA6D8F56EE}.Debug|Any CPU.Build.0 = Debug|Any CPU
		{7761FC02-93CE-4893-A1E1-83DA6D8F56EE}.Debug|Any CPU.Deploy.0 = Debug|Any CPU
		{7761FC02-93CE-4893-A1E1-83DA6D8F56EE}.Debug|ARM.ActiveCfg = Debug|Any CPU
		{7761FC02-93CE-4893-A1E1-83DA6D8F56EE}.Debug|ARM.Build.0 = Debug|Any CPU
		{7761FC02-93CE-4893-A1E1-83DA6D8F56EE}.Debug|ARM.Deploy.0 = Debug|Any CPU
		{7761FC02-93CE-4893-A1E1-83DA6D8F56EE}.Debug|iPhone.ActiveCfg = Debug|Any CPU
		{7761FC02-93CE-4893-A1E1-83DA6D8F56EE}.Debug|iPhone.Build.0 = Debug|Any CPU
		{7761FC02-93CE-4893-A1E1-83DA6D8F56EE}.Debug|iPhone.Deploy.0 = Debug|Any CPU
		{7761FC02-93CE-4893-A1E1-83DA6D8F56EE}.Debug|iPhoneSimulator.ActiveCfg = Debug|Any CPU
		{7761FC02-93CE-4893-A1E1-83DA6D8F56EE}.Debug|iPhoneSimulator.Build.0 = Debug|Any CPU
		{7761FC02-93CE-4893-A1E1-83DA6D8F56EE}.Debug|iPhoneSimulator.Deploy.0 = Debug|Any CPU
		{7761FC02-93CE-4893-A1E1-83DA6D8F56EE}.Debug|x64.ActiveCfg = Debug|Any CPU
		{7761FC02-93CE-4893-A1E1-83DA6D8F56EE}.Debug|x64.Build.0 = Debug|Any CPU
		{7761FC02-93CE-4893-A1E1-83DA6D8F56EE}.Debug|x64.Deploy.0 = Debug|Any CPU
		{7761FC02-93CE-4893-A1E1-83DA6D8F56EE}.Debug|x86.ActiveCfg = Debug|Any CPU
		{7761FC02-93CE-4893-A1E1-83DA6D8F56EE}.Debug|x86.Build.0 = Debug|Any CPU
		{7761FC02-93CE-4893-A1E1-83DA6D8F56EE}.Debug|x86.Deploy.0 = Debug|Any CPU
		{7761FC02-93CE-4893-A1E1-83DA6D8F56EE}.Release|Any CPU.ActiveCfg = Release|Any CPU
		{7761FC02-93CE-4893-A1E1-83DA6D8F56EE}.Release|Any CPU.Build.0 = Release|Any CPU
		{7761FC02-93CE-4893-A1E1-83DA6D8F56EE}.Release|Any CPU.Deploy.0 = Release|Any CPU
		{7761FC02-93CE-4893-A1E1-83DA6D8F56EE}.Release|ARM.ActiveCfg = Release|Any CPU
		{7761FC02-93CE-4893-A1E1-83DA6D8F56EE}.Release|ARM.Build.0 = Release|Any CPU
		{7761FC02-93CE-4893-A1E1-83DA6D8F56EE}.Release|ARM.Deploy.0 = Release|Any CPU
		{7761FC02-93CE-4893-A1E1-83DA6D8F56EE}.Release|iPhone.ActiveCfg = Release|Any CPU
		{7761FC02-93CE-4893-A1E1-83DA6D8F56EE}.Release|iPhone.Build.0 = Release|Any CPU
		{7761FC02-93CE-4893-A1E1-83DA6D8F56EE}.Release|iPhone.Deploy.0 = Release|Any CPU
		{7761FC02-93CE-4893-A1E1-83DA6D8F56EE}.Release|iPhoneSimulator.ActiveCfg = Release|Any CPU
		{7761FC02-93CE-4893-A1E1-83DA6D8F56EE}.Release|iPhoneSimulator.Build.0 = Release|Any CPU
		{7761FC02-93CE-4893-A1E1-83DA6D8F56EE}.Release|iPhoneSimulator.Deploy.0 = Release|Any CPU
		{7761FC02-93CE-4893-A1E1-83DA6D8F56EE}.Release|x64.ActiveCfg = Release|Any CPU
		{7761FC02-93CE-4893-A1E1-83DA6D8F56EE}.Release|x64.Build.0 = Release|Any CPU
		{7761FC02-93CE-4893-A1E1-83DA6D8F56EE}.Release|x64.Deploy.0 = Release|Any CPU
		{7761FC02-93CE-4893-A1E1-83DA6D8F56EE}.Release|x86.ActiveCfg = Release|Any CPU
		{7761FC02-93CE-4893-A1E1-83DA6D8F56EE}.Release|x86.Build.0 = Release|Any CPU
		{7761FC02-93CE-4893-A1E1-83DA6D8F56EE}.Release|x86.Deploy.0 = Release|Any CPU
		{35D29F75-D1F6-4A71-9FA2-472CBF1DF463}.Ad-Hoc|Any CPU.ActiveCfg = Ad-Hoc|iPhone
		{35D29F75-D1F6-4A71-9FA2-472CBF1DF463}.Ad-Hoc|ARM.ActiveCfg = Ad-Hoc|iPhone
		{35D29F75-D1F6-4A71-9FA2-472CBF1DF463}.Ad-Hoc|iPhone.ActiveCfg = Ad-Hoc|iPhone
		{35D29F75-D1F6-4A71-9FA2-472CBF1DF463}.Ad-Hoc|iPhone.Build.0 = Ad-Hoc|iPhone
		{35D29F75-D1F6-4A71-9FA2-472CBF1DF463}.Ad-Hoc|iPhoneSimulator.ActiveCfg = Ad-Hoc|iPhoneSimulator
		{35D29F75-D1F6-4A71-9FA2-472CBF1DF463}.Ad-Hoc|iPhoneSimulator.Build.0 = Ad-Hoc|iPhoneSimulator
		{35D29F75-D1F6-4A71-9FA2-472CBF1DF463}.Ad-Hoc|x64.ActiveCfg = Ad-Hoc|iPhone
		{35D29F75-D1F6-4A71-9FA2-472CBF1DF463}.Ad-Hoc|x86.ActiveCfg = Ad-Hoc|iPhone
		{35D29F75-D1F6-4A71-9FA2-472CBF1DF463}.AppStore|Any CPU.ActiveCfg = AppStore|iPhone
		{35D29F75-D1F6-4A71-9FA2-472CBF1DF463}.AppStore|ARM.ActiveCfg = AppStore|iPhone
		{35D29F75-D1F6-4A71-9FA2-472CBF1DF463}.AppStore|iPhone.ActiveCfg = AppStore|iPhone
		{35D29F75-D1F6-4A71-9FA2-472CBF1DF463}.AppStore|iPhone.Build.0 = AppStore|iPhone
		{35D29F75-D1F6-4A71-9FA2-472CBF1DF463}.AppStore|iPhoneSimulator.ActiveCfg = AppStore|iPhoneSimulator
		{35D29F75-D1F6-4A71-9FA2-472CBF1DF463}.AppStore|iPhoneSimulator.Build.0 = AppStore|iPhoneSimulator
		{35D29F75-D1F6-4A71-9FA2-472CBF1DF463}.AppStore|x64.ActiveCfg = AppStore|iPhone
		{35D29F75-D1F6-4A71-9FA2-472CBF1DF463}.AppStore|x86.ActiveCfg = AppStore|iPhone
		{35D29F75-D1F6-4A71-9FA2-472CBF1DF463}.Debug|Any CPU.ActiveCfg = Debug|iPhone
		{35D29F75-D1F6-4A71-9FA2-472CBF1DF463}.Debug|ARM.ActiveCfg = Debug|iPhone
		{35D29F75-D1F6-4A71-9FA2-472CBF1DF463}.Debug|iPhone.ActiveCfg = Debug|iPhone
		{35D29F75-D1F6-4A71-9FA2-472CBF1DF463}.Debug|iPhone.Build.0 = Debug|iPhone
		{35D29F75-D1F6-4A71-9FA2-472CBF1DF463}.Debug|iPhoneSimulator.ActiveCfg = Debug|iPhoneSimulator
		{35D29F75-D1F6-4A71-9FA2-472CBF1DF463}.Debug|iPhoneSimulator.Build.0 = Debug|iPhoneSimulator
		{35D29F75-D1F6-4A71-9FA2-472CBF1DF463}.Debug|x64.ActiveCfg = Debug|iPhone
		{35D29F75-D1F6-4A71-9FA2-472CBF1DF463}.Debug|x86.ActiveCfg = Debug|iPhone
		{35D29F75-D1F6-4A71-9FA2-472CBF1DF463}.Release|Any CPU.ActiveCfg = Release|iPhone
		{35D29F75-D1F6-4A71-9FA2-472CBF1DF463}.Release|ARM.ActiveCfg = Release|iPhone
		{35D29F75-D1F6-4A71-9FA2-472CBF1DF463}.Release|iPhone.ActiveCfg = Release|iPhone
		{35D29F75-D1F6-4A71-9FA2-472CBF1DF463}.Release|iPhone.Build.0 = Release|iPhone
		{35D29F75-D1F6-4A71-9FA2-472CBF1DF463}.Release|iPhoneSimulator.ActiveCfg = Release|iPhoneSimulator
		{35D29F75-D1F6-4A71-9FA2-472CBF1DF463}.Release|iPhoneSimulator.Build.0 = Release|iPhoneSimulator
		{35D29F75-D1F6-4A71-9FA2-472CBF1DF463}.Release|x64.ActiveCfg = Release|iPhone
		{35D29F75-D1F6-4A71-9FA2-472CBF1DF463}.Release|x86.ActiveCfg = Release|iPhone
		{18958DD0-F7F1-4251-8D3C-9D9B94C877ED}.Ad-Hoc|Any CPU.ActiveCfg = Release|x86
		{18958DD0-F7F1-4251-8D3C-9D9B94C877ED}.Ad-Hoc|Any CPU.Build.0 = Release|x86
		{18958DD0-F7F1-4251-8D3C-9D9B94C877ED}.Ad-Hoc|Any CPU.Deploy.0 = Release|x86
		{18958DD0-F7F1-4251-8D3C-9D9B94C877ED}.Ad-Hoc|ARM.ActiveCfg = Release|ARM
		{18958DD0-F7F1-4251-8D3C-9D9B94C877ED}.Ad-Hoc|ARM.Build.0 = Release|ARM
		{18958DD0-F7F1-4251-8D3C-9D9B94C877ED}.Ad-Hoc|ARM.Deploy.0 = Release|ARM
		{18958DD0-F7F1-4251-8D3C-9D9B94C877ED}.Ad-Hoc|iPhone.ActiveCfg = Release|x86
		{18958DD0-F7F1-4251-8D3C-9D9B94C877ED}.Ad-Hoc|iPhone.Build.0 = Release|x86
		{18958DD0-F7F1-4251-8D3C-9D9B94C877ED}.Ad-Hoc|iPhone.Deploy.0 = Release|x86
		{18958DD0-F7F1-4251-8D3C-9D9B94C877ED}.Ad-Hoc|iPhoneSimulator.ActiveCfg = Release|x86
		{18958DD0-F7F1-4251-8D3C-9D9B94C877ED}.Ad-Hoc|iPhoneSimulator.Build.0 = Release|x86
		{18958DD0-F7F1-4251-8D3C-9D9B94C877ED}.Ad-Hoc|iPhoneSimulator.Deploy.0 = Release|x86
		{18958DD0-F7F1-4251-8D3C-9D9B94C877ED}.Ad-Hoc|x64.ActiveCfg = Release|x64
		{18958DD0-F7F1-4251-8D3C-9D9B94C877ED}.Ad-Hoc|x64.Build.0 = Release|x64
		{18958DD0-F7F1-4251-8D3C-9D9B94C877ED}.Ad-Hoc|x64.Deploy.0 = Release|x64
		{18958DD0-F7F1-4251-8D3C-9D9B94C877ED}.Ad-Hoc|x86.ActiveCfg = Release|x86
		{18958DD0-F7F1-4251-8D3C-9D9B94C877ED}.Ad-Hoc|x86.Build.0 = Release|x86
		{18958DD0-F7F1-4251-8D3C-9D9B94C877ED}.Ad-Hoc|x86.Deploy.0 = Release|x86
		{18958DD0-F7F1-4251-8D3C-9D9B94C877ED}.AppStore|Any CPU.ActiveCfg = Release|x86
		{18958DD0-F7F1-4251-8D3C-9D9B94C877ED}.AppStore|Any CPU.Build.0 = Release|x86
		{18958DD0-F7F1-4251-8D3C-9D9B94C877ED}.AppStore|Any CPU.Deploy.0 = Release|x86
		{18958DD0-F7F1-4251-8D3C-9D9B94C877ED}.AppStore|ARM.ActiveCfg = Release|ARM
		{18958DD0-F7F1-4251-8D3C-9D9B94C877ED}.AppStore|ARM.Build.0 = Release|ARM
		{18958DD0-F7F1-4251-8D3C-9D9B94C877ED}.AppStore|ARM.Deploy.0 = Release|ARM
		{18958DD0-F7F1-4251-8D3C-9D9B94C877ED}.AppStore|iPhone.ActiveCfg = Release|x86
		{18958DD0-F7F1-4251-8D3C-9D9B94C877ED}.AppStore|iPhone.Build.0 = Release|x86
		{18958DD0-F7F1-4251-8D3C-9D9B94C877ED}.AppStore|iPhone.Deploy.0 = Release|x86
		{18958DD0-F7F1-4251-8D3C-9D9B94C877ED}.AppStore|iPhoneSimulator.ActiveCfg = Release|x86
		{18958DD0-F7F1-4251-8D3C-9D9B94C877ED}.AppStore|iPhoneSimulator.Build.0 = Release|x86
		{18958DD0-F7F1-4251-8D3C-9D9B94C877ED}.AppStore|iPhoneSimulator.Deploy.0 = Release|x86
		{18958DD0-F7F1-4251-8D3C-9D9B94C877ED}.AppStore|x64.ActiveCfg = Release|x64
		{18958DD0-F7F1-4251-8D3C-9D9B94C877ED}.AppStore|x64.Build.0 = Release|x64
		{18958DD0-F7F1-4251-8D3C-9D9B94C877ED}.AppStore|x64.Deploy.0 = Release|x64
		{18958DD0-F7F1-4251-8D3C-9D9B94C877ED}.AppStore|x86.ActiveCfg = Release|x86
		{18958DD0-F7F1-4251-8D3C-9D9B94C877ED}.AppStore|x86.Build.0 = Release|x86
		{18958DD0-F7F1-4251-8D3C-9D9B94C877ED}.AppStore|x86.Deploy.0 = Release|x86
		{18958DD0-F7F1-4251-8D3C-9D9B94C877ED}.Debug|Any CPU.ActiveCfg = Debug|ARM
		{18958DD0-F7F1-4251-8D3C-9D9B94C877ED}.Debug|Any CPU.Deploy.0 = Debug|ARM
		{18958DD0-F7F1-4251-8D3C-9D9B94C877ED}.Debug|ARM.ActiveCfg = Debug|ARM
		{18958DD0-F7F1-4251-8D3C-9D9B94C877ED}.Debug|ARM.Build.0 = Debug|ARM
		{18958DD0-F7F1-4251-8D3C-9D9B94C877ED}.Debug|ARM.Deploy.0 = Debug|ARM
		{18958DD0-F7F1-4251-8D3C-9D9B94C877ED}.Debug|iPhone.ActiveCfg = Debug|x86
		{18958DD0-F7F1-4251-8D3C-9D9B94C877ED}.Debug|iPhoneSimulator.ActiveCfg = Debug|x86
		{18958DD0-F7F1-4251-8D3C-9D9B94C877ED}.Debug|x64.ActiveCfg = Debug|x64
		{18958DD0-F7F1-4251-8D3C-9D9B94C877ED}.Debug|x64.Build.0 = Debug|x64
		{18958DD0-F7F1-4251-8D3C-9D9B94C877ED}.Debug|x64.Deploy.0 = Debug|x64
		{18958DD0-F7F1-4251-8D3C-9D9B94C877ED}.Debug|x86.ActiveCfg = Debug|x86
		{18958DD0-F7F1-4251-8D3C-9D9B94C877ED}.Debug|x86.Build.0 = Debug|x86
		{18958DD0-F7F1-4251-8D3C-9D9B94C877ED}.Debug|x86.Deploy.0 = Debug|x86
		{18958DD0-F7F1-4251-8D3C-9D9B94C877ED}.Release|Any CPU.ActiveCfg = Release|x86
		{18958DD0-F7F1-4251-8D3C-9D9B94C877ED}.Release|ARM.ActiveCfg = Release|ARM
		{18958DD0-F7F1-4251-8D3C-9D9B94C877ED}.Release|ARM.Build.0 = Release|ARM
		{18958DD0-F7F1-4251-8D3C-9D9B94C877ED}.Release|ARM.Deploy.0 = Release|ARM
		{18958DD0-F7F1-4251-8D3C-9D9B94C877ED}.Release|iPhone.ActiveCfg = Release|x86
		{18958DD0-F7F1-4251-8D3C-9D9B94C877ED}.Release|iPhoneSimulator.ActiveCfg = Release|x86
		{18958DD0-F7F1-4251-8D3C-9D9B94C877ED}.Release|x64.ActiveCfg = Release|x64
		{18958DD0-F7F1-4251-8D3C-9D9B94C877ED}.Release|x64.Build.0 = Release|x64
		{18958DD0-F7F1-4251-8D3C-9D9B94C877ED}.Release|x64.Deploy.0 = Release|x64
		{18958DD0-F7F1-4251-8D3C-9D9B94C877ED}.Release|x86.ActiveCfg = Release|x86
		{18958DD0-F7F1-4251-8D3C-9D9B94C877ED}.Release|x86.Build.0 = Release|x86
		{18958DD0-F7F1-4251-8D3C-9D9B94C877ED}.Release|x86.Deploy.0 = Release|x86
		{7E2B2FED-99B8-4976-B6FA-18120065C769}.Ad-Hoc|Any CPU.ActiveCfg = Release|Any CPU
		{7E2B2FED-99B8-4976-B6FA-18120065C769}.Ad-Hoc|Any CPU.Build.0 = Release|Any CPU
		{7E2B2FED-99B8-4976-B6FA-18120065C769}.Ad-Hoc|ARM.ActiveCfg = Release|Any CPU
		{7E2B2FED-99B8-4976-B6FA-18120065C769}.Ad-Hoc|ARM.Build.0 = Release|Any CPU
		{7E2B2FED-99B8-4976-B6FA-18120065C769}.Ad-Hoc|iPhone.ActiveCfg = Release|Any CPU
		{7E2B2FED-99B8-4976-B6FA-18120065C769}.Ad-Hoc|iPhone.Build.0 = Release|Any CPU
		{7E2B2FED-99B8-4976-B6FA-18120065C769}.Ad-Hoc|iPhoneSimulator.ActiveCfg = Release|Any CPU
		{7E2B2FED-99B8-4976-B6FA-18120065C769}.Ad-Hoc|iPhoneSimulator.Build.0 = Release|Any CPU
		{7E2B2FED-99B8-4976-B6FA-18120065C769}.Ad-Hoc|x64.ActiveCfg = Release|Any CPU
		{7E2B2FED-99B8-4976-B6FA-18120065C769}.Ad-Hoc|x64.Build.0 = Release|Any CPU
		{7E2B2FED-99B8-4976-B6FA-18120065C769}.Ad-Hoc|x86.ActiveCfg = Release|Any CPU
		{7E2B2FED-99B8-4976-B6FA-18120065C769}.Ad-Hoc|x86.Build.0 = Release|Any CPU
		{7E2B2FED-99B8-4976-B6FA-18120065C769}.AppStore|Any CPU.ActiveCfg = Release|Any CPU
		{7E2B2FED-99B8-4976-B6FA-18120065C769}.AppStore|Any CPU.Build.0 = Release|Any CPU
		{7E2B2FED-99B8-4976-B6FA-18120065C769}.AppStore|ARM.ActiveCfg = Release|Any CPU
		{7E2B2FED-99B8-4976-B6FA-18120065C769}.AppStore|ARM.Build.0 = Release|Any CPU
		{7E2B2FED-99B8-4976-B6FA-18120065C769}.AppStore|iPhone.ActiveCfg = Release|Any CPU
		{7E2B2FED-99B8-4976-B6FA-18120065C769}.AppStore|iPhone.Build.0 = Release|Any CPU
		{7E2B2FED-99B8-4976-B6FA-18120065C769}.AppStore|iPhoneSimulator.ActiveCfg = Release|Any CPU
		{7E2B2FED-99B8-4976-B6FA-18120065C769}.AppStore|iPhoneSimulator.Build.0 = Release|Any CPU
		{7E2B2FED-99B8-4976-B6FA-18120065C769}.AppStore|x64.ActiveCfg = Release|Any CPU
		{7E2B2FED-99B8-4976-B6FA-18120065C769}.AppStore|x64.Build.0 = Release|Any CPU
		{7E2B2FED-99B8-4976-B6FA-18120065C769}.AppStore|x86.ActiveCfg = Release|Any CPU
		{7E2B2FED-99B8-4976-B6FA-18120065C769}.AppStore|x86.Build.0 = Release|Any CPU
		{7E2B2FED-99B8-4976-B6FA-18120065C769}.Debug|Any CPU.ActiveCfg = Debug|Any CPU
		{7E2B2FED-99B8-4976-B6FA-18120065C769}.Debug|Any CPU.Build.0 = Debug|Any CPU
		{7E2B2FED-99B8-4976-B6FA-18120065C769}.Debug|ARM.ActiveCfg = Debug|Any CPU
		{7E2B2FED-99B8-4976-B6FA-18120065C769}.Debug|ARM.Build.0 = Debug|Any CPU
		{7E2B2FED-99B8-4976-B6FA-18120065C769}.Debug|iPhone.ActiveCfg = Debug|Any CPU
		{7E2B2FED-99B8-4976-B6FA-18120065C769}.Debug|iPhone.Build.0 = Debug|Any CPU
		{7E2B2FED-99B8-4976-B6FA-18120065C769}.Debug|iPhoneSimulator.ActiveCfg = Debug|Any CPU
		{7E2B2FED-99B8-4976-B6FA-18120065C769}.Debug|iPhoneSimulator.Build.0 = Debug|Any CPU
		{7E2B2FED-99B8-4976-B6FA-18120065C769}.Debug|x64.ActiveCfg = Debug|Any CPU
		{7E2B2FED-99B8-4976-B6FA-18120065C769}.Debug|x64.Build.0 = Debug|Any CPU
		{7E2B2FED-99B8-4976-B6FA-18120065C769}.Debug|x86.ActiveCfg = Debug|Any CPU
		{7E2B2FED-99B8-4976-B6FA-18120065C769}.Debug|x86.Build.0 = Debug|Any CPU
		{7E2B2FED-99B8-4976-B6FA-18120065C769}.Release|Any CPU.ActiveCfg = Release|Any CPU
		{7E2B2FED-99B8-4976-B6FA-18120065C769}.Release|Any CPU.Build.0 = Release|Any CPU
		{7E2B2FED-99B8-4976-B6FA-18120065C769}.Release|ARM.ActiveCfg = Release|Any CPU
		{7E2B2FED-99B8-4976-B6FA-18120065C769}.Release|ARM.Build.0 = Release|Any CPU
		{7E2B2FED-99B8-4976-B6FA-18120065C769}.Release|iPhone.ActiveCfg = Release|Any CPU
		{7E2B2FED-99B8-4976-B6FA-18120065C769}.Release|iPhone.Build.0 = Release|Any CPU
		{7E2B2FED-99B8-4976-B6FA-18120065C769}.Release|iPhoneSimulator.ActiveCfg = Release|Any CPU
		{7E2B2FED-99B8-4976-B6FA-18120065C769}.Release|iPhoneSimulator.Build.0 = Release|Any CPU
		{7E2B2FED-99B8-4976-B6FA-18120065C769}.Release|x64.ActiveCfg = Release|Any CPU
		{7E2B2FED-99B8-4976-B6FA-18120065C769}.Release|x64.Build.0 = Release|Any CPU
		{7E2B2FED-99B8-4976-B6FA-18120065C769}.Release|x86.ActiveCfg = Release|Any CPU
		{7E2B2FED-99B8-4976-B6FA-18120065C769}.Release|x86.Build.0 = Release|Any CPU
	EndGlobalSection
	GlobalSection(SolutionProperties) = preSolution
		HideSolutionNode = FALSE
	EndGlobalSection
EndGlobal
